
Microsoft Visual Studio Solution File, Format Version 12.00
# Visual Studio 2013
VisualStudioVersion = 12.0.21005.1
MinimumVisualStudioVersion = 10.0.40219.1
Project("{FAE04EC0-301F-11D3-BF4B-00C04F79EFBC}") = "gblwBlog", "gblwBlog\gblwBlog.csproj", "{557396C9-CD0A-4F99-A1E6-1F0DA3D2E0DC}"
EndProject
Project("{FAE04EC0-301F-11D3-BF4B-00C04F79EFBC}") = "gblwBlog.Tests", "gblwBlog.Tests\gblwBlog.Tests.csproj", "{5EA011D6-5FB3-4BFF-A791-70AEC9212126}"
EndProject
Global
	GlobalSection(SolutionConfigurationPlatforms) = preSolution
		Debug|Any CPU = Debug|Any CPU
		Release|Any CPU = Release|Any CPU
	EndGlobalSection
	GlobalSection(ProjectConfigurationPlatforms) = postSolution
		{557396C9-CD0A-4F99-A1E6-1F0DA3D2E0DC}.Debug|Any CPU.ActiveCfg = Debug|Any CPU
		{557396C9-CD0A-4F99-A1E6-1F0DA3D2E0DC}.Debug|Any CPU.Build.0 = Debug|Any CPU
		{557396C9-CD0A-4F99-A1E6-1F0DA3D2E0DC}.Release|Any CPU.ActiveCfg = Release|Any CPU
		{557396C9-CD0A-4F99-A1E6-1F0DA3D2E0DC}.Release|Any CPU.Build.0 = Release|Any CPU
		{5EA011D6-5FB3-4BFF-A791-70AEC9212126}.Debug|Any CPU.ActiveCfg = Debug|Any CPU
		{5EA011D6-5FB3-4BFF-A791-70AEC9212126}.Debug|Any CPU.Build.0 = Debug|Any CPU
		{5EA011D6-5FB3-4BFF-A791-70AEC9212126}.Release|Any CPU.ActiveCfg = Release|Any CPU
		{5EA011D6-5FB3-4BFF-A791-70AEC9212126}.Release|Any CPU.Build.0 = Release|Any CPU
	EndGlobalSection
	GlobalSection(SolutionProperties) = preSolution
		HideSolutionNode = FALSE
	EndGlobalSection
EndGlobal
